
Microsoft Visual Studio Solution File, Format Version 12.00
# Visual Studio Version 17
VisualStudioVersion = 17.0.32014.148
MinimumVisualStudioVersion = 10.0.40219.1
Project("{FAE04EC0-301F-11D3-BF4B-00C04F79EFBC}") = "DataAccess.Api", "DataAccess.Api\DataAccess.Api.csproj", "{0591A5E3-5974-4242-97ED-E238D518C47C}"
EndProject
Project("{FAE04EC0-301F-11D3-BF4B-00C04F79EFBC}") = "Core.Api", "Core.Api\Core.Api.csproj", "{53CE58B5-E3BD-4B8A-A4CE-F2B342373AF1}"
EndProject
Project("{FAE04EC0-301F-11D3-BF4B-00C04F79EFBC}") = "Gateway.WebApi", "Gateway.WebApi\Gateway.WebApi.csproj", "{1965CA06-F3E4-45E2-B963-CF41AC1A0DFA}"
EndProject
Project("{2150E333-8FDC-42A3-9474-1A3956D46DE8}") = "Microservices", "Microservices", "{1DD1EB3B-6E5D-47C4-B821-A3ECB16A8344}"
EndProject
Project("{FAE04EC0-301F-11D3-BF4B-00C04F79EFBC}") = "Register.Microservice", "Register.Microservice\Register.Microservice.csproj", "{A00C2BB9-FD92-46AD-BAFF-EAFAC585AC0E}"
EndProject
Global
	GlobalSection(SolutionConfigurationPlatforms) = preSolution
		Debug|Any CPU = Debug|Any CPU
		Release|Any CPU = Release|Any CPU
	EndGlobalSection
	GlobalSection(ProjectConfigurationPlatforms) = postSolution
		{0591A5E3-5974-4242-97ED-E238D518C47C}.Debug|Any CPU.ActiveCfg = Debug|Any CPU
		{0591A5E3-5974-4242-97ED-E238D518C47C}.Debug|Any CPU.Build.0 = Debug|Any CPU
		{0591A5E3-5974-4242-97ED-E238D518C47C}.Release|Any CPU.ActiveCfg = Release|Any CPU
		{0591A5E3-5974-4242-97ED-E238D518C47C}.Release|Any CPU.Build.0 = Release|Any CPU
		{53CE58B5-E3BD-4B8A-A4CE-F2B342373AF1}.Debug|Any CPU.ActiveCfg = Debug|Any CPU
		{53CE58B5-E3BD-4B8A-A4CE-F2B342373AF1}.Debug|Any CPU.Build.0 = Debug|Any CPU
		{53CE58B5-E3BD-4B8A-A4CE-F2B342373AF1}.Release|Any CPU.ActiveCfg = Release|Any CPU
		{53CE58B5-E3BD-4B8A-A4CE-F2B342373AF1}.Release|Any CPU.Build.0 = Release|Any CPU
		{1965CA06-F3E4-45E2-B963-CF41AC1A0DFA}.Debug|Any CPU.ActiveCfg = Debug|Any CPU
		{1965CA06-F3E4-45E2-B963-CF41AC1A0DFA}.Debug|Any CPU.Build.0 = Debug|Any CPU
		{1965CA06-F3E4-45E2-B963-CF41AC1A0DFA}.Release|Any CPU.ActiveCfg = Release|Any CPU
		{1965CA06-F3E4-45E2-B963-CF41AC1A0DFA}.Release|Any CPU.Build.0 = Release|Any CPU
		{A00C2BB9-FD92-46AD-BAFF-EAFAC585AC0E}.Debug|Any CPU.ActiveCfg = Debug|Any CPU
		{A00C2BB9-FD92-46AD-BAFF-EAFAC585AC0E}.Debug|Any CPU.Build.0 = Debug|Any CPU
		{A00C2BB9-FD92-46AD-BAFF-EAFAC585AC0E}.Release|Any CPU.ActiveCfg = Release|Any CPU
		{A00C2BB9-FD92-46AD-BAFF-EAFAC585AC0E}.Release|Any CPU.Build.0 = Release|Any CPU
	EndGlobalSection
	GlobalSection(SolutionProperties) = preSolution
		HideSolutionNode = FALSE
	EndGlobalSection
	GlobalSection(NestedProjects) = preSolution
		{A00C2BB9-FD92-46AD-BAFF-EAFAC585AC0E} = {1DD1EB3B-6E5D-47C4-B821-A3ECB16A8344}
	EndGlobalSection
	GlobalSection(ExtensibilityGlobals) = postSolution
		SolutionGuid = {50655523-3C82-45DF-96FD-DA4B09F38E6D}
	EndGlobalSection
EndGlobal
